
Microsoft Visual Studio Solution File, Format Version 12.00
# Visual Studio 15
Project("{FAE04EC0-301F-11D3-BF4B-00C04F79EFBC}") = "Microsoft.MixedReality.Toolkit.SDK", "Microsoft.MixedReality.Toolkit.SDK.csproj", "{4AB454F6-10DF-040C-4183-2BB1AECAF223}"
EndProject
Project("{FAE04EC0-301F-11D3-BF4B-00C04F79EFBC}") = "Microsoft.MixedReality.Toolkit.Providers.OpenVR", "Microsoft.MixedReality.Toolkit.Providers.OpenVR.csproj", "{6DED4242-9DAD-0281-1E8F-B5491E5CC81C}"
EndProject
Project("{FAE04EC0-301F-11D3-BF4B-00C04F79EFBC}") = "Microsoft.MixedReality.Toolkit", "Microsoft.MixedReality.Toolkit.csproj", "{FDD4175E-34C7-C33B-02FA-0B7AA593010C}"
EndProject
Project("{FAE04EC0-301F-11D3-BF4B-00C04F79EFBC}") = "Microsoft.MixedReality.Toolkit.Services.SpatialAwarenessSystem", "Microsoft.MixedReality.Toolkit.Services.SpatialAwarenessSystem.csproj", "{FAFFB5E1-68C9-0570-BC28-DEA41D977A84}"
EndProject
Project("{FAE04EC0-301F-11D3-BF4B-00C04F79EFBC}") = "Assembly-CSharp", "Assembly-CSharp.csproj", "{05EA34F7-3E10-61CA-3480-D363E7A6A6F3}"
EndProject
Project("{FAE04EC0-301F-11D3-BF4B-00C04F79EFBC}") = "Microsoft.MixedReality.Toolkit.Gltf", "Microsoft.MixedReality.Toolkit.Gltf.csproj", "{3E96DAC3-3AB0-03A9-C30E-9B09A5D00406}"
EndProject
Project("{FAE04EC0-301F-11D3-BF4B-00C04F79EFBC}") = "Microsoft.MixedReality.Toolkit.Services.SceneSystem", "Microsoft.MixedReality.Toolkit.Services.SceneSystem.csproj", "{7377D4BB-1E29-5DA0-935E-E44D8262CEEE}"
EndProject
Project("{FAE04EC0-301F-11D3-BF4B-00C04F79EFBC}") = "Microsoft.MixedReality.Toolkit.Services.InputSystem", "Microsoft.MixedReality.Toolkit.Services.InputSystem.csproj", "{D87AB578-678F-42AA-F7D7-D98F03BC13D3}"
EndProject
Project("{FAE04EC0-301F-11D3-BF4B-00C04F79EFBC}") = "Microsoft.MixedReality.Toolkit.Services.InputSimulation", "Microsoft.MixedReality.Toolkit.Services.InputSimulation.csproj", "{0CD2B543-D1BD-1EFF-9C19-3F50B8467DFC}"
EndProject
Project("{FAE04EC0-301F-11D3-BF4B-00C04F79EFBC}") = "Microsoft.MixedReality.Toolkit.Services.InputAnimation", "Microsoft.MixedReality.Toolkit.Services.InputAnimation.csproj", "{FD5F2BC6-0A1F-BB92-3993-CB5C0F306DFA}"
EndProject
Project("{FAE04EC0-301F-11D3-BF4B-00C04F79EFBC}") = "Microsoft.MixedReality.Toolkit.Services.DiagnosticsSystem", "Microsoft.MixedReality.Toolkit.Services.DiagnosticsSystem.csproj", "{E4ACAAED-0CE1-2EBE-D809-9A6CAC76ADAB}"
EndProject
Project("{FAE04EC0-301F-11D3-BF4B-00C04F79EFBC}") = "Microsoft.MixedReality.Toolkit.Async", "Microsoft.MixedReality.Toolkit.Async.csproj", "{579B0F2F-422B-6031-1A2E-B9CB851AC252}"
EndProject
Project("{FAE04EC0-301F-11D3-BF4B-00C04F79EFBC}") = "Microsoft.MixedReality.Toolkit.Providers.WindowsMixedReality", "Microsoft.MixedReality.Toolkit.Providers.WindowsMixedReality.csproj", "{22FDCB0A-08B0-D90E-486D-E08BFF026A1F}"
EndProject
Project("{FAE04EC0-301F-11D3-BF4B-00C04F79EFBC}") = "Microsoft.MixedReality.Toolkit.Providers.WindowsVoiceInput", "Microsoft.MixedReality.Toolkit.Providers.WindowsVoiceInput.csproj", "{D20D62BC-1B74-4554-999E-2D6484D38E71}"
EndProject
Project("{FAE04EC0-301F-11D3-BF4B-00C04F79EFBC}") = "Microsoft.MixedReality.Toolkit.Services.TeleportSystem", "Microsoft.MixedReality.Toolkit.Services.TeleportSystem.csproj", "{40777D73-B656-24BB-9A13-9A4EF5E1870D}"
EndProject
Project("{FAE04EC0-301F-11D3-BF4B-00C04F79EFBC}") = "Microsoft.MixedReality.Toolkit.Services.CameraSystem", "Microsoft.MixedReality.Toolkit.Services.CameraSystem.csproj", "{6D39D703-81D6-4C69-81F0-6BCF675E173F}"
EndProject
Project("{FAE04EC0-301F-11D3-BF4B-00C04F79EFBC}") = "Microsoft.MixedReality.Toolkit.Services.BoundarySystem", "Microsoft.MixedReality.Toolkit.Services.BoundarySystem.csproj", "{B5A53EA2-AE89-8454-0458-71AE810ADEAE}"
EndProject
Project("{FAE04EC0-301F-11D3-BF4B-00C04F79EFBC}") = "Microsoft.MixedReality.Toolkit.SDK.Inspectors", "Microsoft.MixedReality.Toolkit.SDK.Inspectors.csproj", "{2BDA24FD-7661-3159-72A0-07C0A5F3E32D}"
EndProject
Project("{FAE04EC0-301F-11D3-BF4B-00C04F79EFBC}") = "Microsoft.MixedReality.Toolkit.Editor.Inspectors", "Microsoft.MixedReality.Toolkit.Editor.Inspectors.csproj", "{4C09723A-5448-4D17-F423-6D1F84EE29BB}"
EndProject
Project("{FAE04EC0-301F-11D3-BF4B-00C04F79EFBC}") = "Microsoft.MixedReality.Toolkit.Editor.ServiceInspectors", "Microsoft.MixedReality.Toolkit.Editor.ServiceInspectors.csproj", "{28085649-D2DE-31A9-D4E1-2F3B9A64D2E9}"
EndProject
Project("{FAE04EC0-301F-11D3-BF4B-00C04F79EFBC}") = "Microsoft.MixedReality.Toolkit.Editor.Utilities", "Microsoft.MixedReality.Toolkit.Editor.Utilities.csproj", "{13D85000-66A5-D63E-AEDE-8A4E457BC506}"
EndProject
Project("{FAE04EC0-301F-11D3-BF4B-00C04F79EFBC}") = "Microsoft.MixedReality.Toolkit.Providers.ObjectMeshObserver", "Microsoft.MixedReality.Toolkit.Providers.ObjectMeshObserver.csproj", "{1F62A5C9-864D-F7C4-621F-DE415E3DC451}"
EndProject
Project("{FAE04EC0-301F-11D3-BF4B-00C04F79EFBC}") = "Microsoft.MixedReality.Toolkit.Editor.ClassExtensions", "Microsoft.MixedReality.Toolkit.Editor.ClassExtensions.csproj", "{DE58BCCB-8A90-6720-4256-6E9438C168AE}"
EndProject
Project("{FAE04EC0-301F-11D3-BF4B-00C04F79EFBC}") = "Microsoft.MixedReality.Toolkit.Gltf.Importers", "Microsoft.MixedReality.Toolkit.Gltf.Importers.csproj", "{7CB89A76-CDD4-45B0-7483-B4CD80DED6C5}"
EndProject
Project("{FAE04EC0-301F-11D3-BF4B-00C04F79EFBC}") = "Microsoft.MixedReality.Toolkit.Editor.BuildAndDeploy", "Microsoft.MixedReality.Toolkit.Editor.BuildAndDeploy.csproj", "{100E0CD4-EDBA-4A34-C148-E5C3336A29D5}"
EndProject
Project("{FAE04EC0-301F-11D3-BF4B-00C04F79EFBC}") = "Microsoft.MixedReality.Toolkit.Services.InputSimulation.Editor", "Microsoft.MixedReality.Toolkit.Services.InputSimulation.Editor.csproj", "{4B28B725-58DC-AE2B-5402-09DA46EBE4AF}"
EndProject
Project("{FAE04EC0-301F-11D3-BF4B-00C04F79EFBC}") = "Microsoft.MixedReality.Toolkit.Services.InputSystem.Editor", "Microsoft.MixedReality.Toolkit.Services.InputSystem.Editor.csproj", "{6644ED1E-829A-F7F8-D5F6-8A87D09052C6}"
EndProject
Global
	GlobalSection(SolutionConfigurationPlatforms) = preSolution
		Debug|Any CPU = Debug|Any CPU
		Release|Any CPU = Release|Any CPU
	EndGlobalSection
	GlobalSection(ProjectConfigurationPlatforms) = postSolution
		{4AB454F6-10DF-040C-4183-2BB1AECAF223}.Debug|Any CPU.ActiveCfg = Debug|Any CPU
		{4AB454F6-10DF-040C-4183-2BB1AECAF223}.Debug|Any CPU.Build.0 = Debug|Any CPU
		{4AB454F6-10DF-040C-4183-2BB1AECAF223}.Release|Any CPU.ActiveCfg = Release|Any CPU
		{4AB454F6-10DF-040C-4183-2BB1AECAF223}.Release|Any CPU.Build.0 = Release|Any CPU
		{6DED4242-9DAD-0281-1E8F-B5491E5CC81C}.Debug|Any CPU.ActiveCfg = Debug|Any CPU
		{6DED4242-9DAD-0281-1E8F-B5491E5CC81C}.Debug|Any CPU.Build.0 = Debug|Any CPU
		{6DED4242-9DAD-0281-1E8F-B5491E5CC81C}.Release|Any CPU.ActiveCfg = Release|Any CPU
		{6DED4242-9DAD-0281-1E8F-B5491E5CC81C}.Release|Any CPU.Build.0 = Release|Any CPU
		{FDD4175E-34C7-C33B-02FA-0B7AA593010C}.Debug|Any CPU.ActiveCfg = Debug|Any CPU
		{FDD4175E-34C7-C33B-02FA-0B7AA593010C}.Debug|Any CPU.Build.0 = Debug|Any CPU
		{FDD4175E-34C7-C33B-02FA-0B7AA593010C}.Release|Any CPU.ActiveCfg = Release|Any CPU
		{FDD4175E-34C7-C33B-02FA-0B7AA593010C}.Release|Any CPU.Build.0 = Release|Any CPU
		{FAFFB5E1-68C9-0570-BC28-DEA41D977A84}.Debug|Any CPU.ActiveCfg = Debug|Any CPU
		{FAFFB5E1-68C9-0570-BC28-DEA41D977A84}.Debug|Any CPU.Build.0 = Debug|Any CPU
		{FAFFB5E1-68C9-0570-BC28-DEA41D977A84}.Release|Any CPU.ActiveCfg = Release|Any CPU
		{FAFFB5E1-68C9-0570-BC28-DEA41D977A84}.Release|Any CPU.Build.0 = Release|Any CPU
		{05EA34F7-3E10-61CA-3480-D363E7A6A6F3}.Debug|Any CPU.ActiveCfg = Debug|Any CPU
		{05EA34F7-3E10-61CA-3480-D363E7A6A6F3}.Debug|Any CPU.Build.0 = Debug|Any CPU
		{05EA34F7-3E10-61CA-3480-D363E7A6A6F3}.Release|Any CPU.ActiveCfg = Release|Any CPU
		{05EA34F7-3E10-61CA-3480-D363E7A6A6F3}.Release|Any CPU.Build.0 = Release|Any CPU
		{3E96DAC3-3AB0-03A9-C30E-9B09A5D00406}.Debug|Any CPU.ActiveCfg = Debug|Any CPU
		{3E96DAC3-3AB0-03A9-C30E-9B09A5D00406}.Debug|Any CPU.Build.0 = Debug|Any CPU
		{3E96DAC3-3AB0-03A9-C30E-9B09A5D00406}.Release|Any CPU.ActiveCfg = Release|Any CPU
		{3E96DAC3-3AB0-03A9-C30E-9B09A5D00406}.Release|Any CPU.Build.0 = Release|Any CPU
		{7377D4BB-1E29-5DA0-935E-E44D8262CEEE}.Debug|Any CPU.ActiveCfg = Debug|Any CPU
		{7377D4BB-1E29-5DA0-935E-E44D8262CEEE}.Debug|Any CPU.Build.0 = Debug|Any CPU
		{7377D4BB-1E29-5DA0-935E-E44D8262CEEE}.Release|Any CPU.ActiveCfg = Release|Any CPU
		{7377D4BB-1E29-5DA0-935E-E44D8262CEEE}.Release|Any CPU.Build.0 = Release|Any CPU
		{D87AB578-678F-42AA-F7D7-D98F03BC13D3}.Debug|Any CPU.ActiveCfg = Debug|Any CPU
		{D87AB578-678F-42AA-F7D7-D98F03BC13D3}.Debug|Any CPU.Build.0 = Debug|Any CPU
		{D87AB578-678F-42AA-F7D7-D98F03BC13D3}.Release|Any CPU.ActiveCfg = Release|Any CPU
		{D87AB578-678F-42AA-F7D7-D98F03BC13D3}.Release|Any CPU.Build.0 = Release|Any CPU
		{0CD2B543-D1BD-1EFF-9C19-3F50B8467DFC}.Debug|Any CPU.ActiveCfg = Debug|Any CPU
		{0CD2B543-D1BD-1EFF-9C19-3F50B8467DFC}.Debug|Any CPU.Build.0 = Debug|Any CPU
		{0CD2B543-D1BD-1EFF-9C19-3F50B8467DFC}.Release|Any CPU.ActiveCfg = Release|Any CPU
		{0CD2B543-D1BD-1EFF-9C19-3F50B8467DFC}.Release|Any CPU.Build.0 = Release|Any CPU
		{FD5F2BC6-0A1F-BB92-3993-CB5C0F306DFA}.Debug|Any CPU.ActiveCfg = Debug|Any CPU
		{FD5F2BC6-0A1F-BB92-3993-CB5C0F306DFA}.Debug|Any CPU.Build.0 = Debug|Any CPU
		{FD5F2BC6-0A1F-BB92-3993-CB5C0F306DFA}.Release|Any CPU.ActiveCfg = Release|Any CPU
		{FD5F2BC6-0A1F-BB92-3993-CB5C0F306DFA}.Release|Any CPU.Build.0 = Release|Any CPU
		{E4ACAAED-0CE1-2EBE-D809-9A6CAC76ADAB}.Debug|Any CPU.ActiveCfg = Debug|Any CPU
		{E4ACAAED-0CE1-2EBE-D809-9A6CAC76ADAB}.Debug|Any CPU.Build.0 = Debug|Any CPU
		{E4ACAAED-0CE1-2EBE-D809-9A6CAC76ADAB}.Release|Any CPU.ActiveCfg = Release|Any CPU
		{E4ACAAED-0CE1-2EBE-D809-9A6CAC76ADAB}.Release|Any CPU.Build.0 = Release|Any CPU
		{579B0F2F-422B-6031-1A2E-B9CB851AC252}.Debug|Any CPU.ActiveCfg = Debug|Any CPU
		{579B0F2F-422B-6031-1A2E-B9CB851AC252}.Debug|Any CPU.Build.0 = Debug|Any CPU
		{579B0F2F-422B-6031-1A2E-B9CB851AC252}.Release|Any CPU.ActiveCfg = Release|Any CPU
		{579B0F2F-422B-6031-1A2E-B9CB851AC252}.Release|Any CPU.Build.0 = Release|Any CPU
		{22FDCB0A-08B0-D90E-486D-E08BFF026A1F}.Debug|Any CPU.ActiveCfg = Debug|Any CPU
		{22FDCB0A-08B0-D90E-486D-E08BFF026A1F}.Debug|Any CPU.Build.0 = Debug|Any CPU
		{22FDCB0A-08B0-D90E-486D-E08BFF026A1F}.Release|Any CPU.ActiveCfg = Release|Any CPU
		{22FDCB0A-08B0-D90E-486D-E08BFF026A1F}.Release|Any CPU.Build.0 = Release|Any CPU
		{D20D62BC-1B74-4554-999E-2D6484D38E71}.Debug|Any CPU.ActiveCfg = Debug|Any CPU
		{D20D62BC-1B74-4554-999E-2D6484D38E71}.Debug|Any CPU.Build.0 = Debug|Any CPU
		{D20D62BC-1B74-4554-999E-2D6484D38E71}.Release|Any CPU.ActiveCfg = Release|Any CPU
		{D20D62BC-1B74-4554-999E-2D6484D38E71}.Release|Any CPU.Build.0 = Release|Any CPU
		{40777D73-B656-24BB-9A13-9A4EF5E1870D}.Debug|Any CPU.ActiveCfg = Debug|Any CPU
		{40777D73-B656-24BB-9A13-9A4EF5E1870D}.Debug|Any CPU.Build.0 = Debug|Any CPU
		{40777D73-B656-24BB-9A13-9A4EF5E1870D}.Release|Any CPU.ActiveCfg = Release|Any CPU
		{40777D73-B656-24BB-9A13-9A4EF5E1870D}.Release|Any CPU.Build.0 = Release|Any CPU
		{6D39D703-81D6-4C69-81F0-6BCF675E173F}.Debug|Any CPU.ActiveCfg = Debug|Any CPU
		{6D39D703-81D6-4C69-81F0-6BCF675E173F}.Debug|Any CPU.Build.0 = Debug|Any CPU
		{6D39D703-81D6-4C69-81F0-6BCF675E173F}.Release|Any CPU.ActiveCfg = Release|Any CPU
		{6D39D703-81D6-4C69-81F0-6BCF675E173F}.Release|Any CPU.Build.0 = Release|Any CPU
		{B5A53EA2-AE89-8454-0458-71AE810ADEAE}.Debug|Any CPU.ActiveCfg = Debug|Any CPU
		{B5A53EA2-AE89-8454-0458-71AE810ADEAE}.Debug|Any CPU.Build.0 = Debug|Any CPU
		{B5A53EA2-AE89-8454-0458-71AE810ADEAE}.Release|Any CPU.ActiveCfg = Release|Any CPU
		{B5A53EA2-AE89-8454-0458-71AE810ADEAE}.Release|Any CPU.Build.0 = Release|Any CPU
		{2BDA24FD-7661-3159-72A0-07C0A5F3E32D}.Debug|Any CPU.ActiveCfg = Debug|Any CPU
		{2BDA24FD-7661-3159-72A0-07C0A5F3E32D}.Debug|Any CPU.Build.0 = Debug|Any CPU
		{2BDA24FD-7661-3159-72A0-07C0A5F3E32D}.Release|Any CPU.ActiveCfg = Release|Any CPU
		{2BDA24FD-7661-3159-72A0-07C0A5F3E32D}.Release|Any CPU.Build.0 = Release|Any CPU
		{4C09723A-5448-4D17-F423-6D1F84EE29BB}.Debug|Any CPU.ActiveCfg = Debug|Any CPU
		{4C09723A-5448-4D17-F423-6D1F84EE29BB}.Debug|Any CPU.Build.0 = Debug|Any CPU
		{4C09723A-5448-4D17-F423-6D1F84EE29BB}.Release|Any CPU.ActiveCfg = Release|Any CPU
		{4C09723A-5448-4D17-F423-6D1F84EE29BB}.Release|Any CPU.Build.0 = Release|Any CPU
		{28085649-D2DE-31A9-D4E1-2F3B9A64D2E9}.Debug|Any CPU.ActiveCfg = Debug|Any CPU
		{28085649-D2DE-31A9-D4E1-2F3B9A64D2E9}.Debug|Any CPU.Build.0 = Debug|Any CPU
		{28085649-D2DE-31A9-D4E1-2F3B9A64D2E9}.Release|Any CPU.ActiveCfg = Release|Any CPU
		{28085649-D2DE-31A9-D4E1-2F3B9A64D2E9}.Release|Any CPU.Build.0 = Release|Any CPU
		{13D85000-66A5-D63E-AEDE-8A4E457BC506}.Debug|Any CPU.ActiveCfg = Debug|Any CPU
		{13D85000-66A5-D63E-AEDE-8A4E457BC506}.Debug|Any CPU.Build.0 = Debug|Any CPU
		{13D85000-66A5-D63E-AEDE-8A4E457BC506}.Release|Any CPU.ActiveCfg = Release|Any CPU
		{13D85000-66A5-D63E-AEDE-8A4E457BC506}.Release|Any CPU.Build.0 = Release|Any CPU
		{1F62A5C9-864D-F7C4-621F-DE415E3DC451}.Debug|Any CPU.ActiveCfg = Debug|Any CPU
		{1F62A5C9-864D-F7C4-621F-DE415E3DC451}.Debug|Any CPU.Build.0 = Debug|Any CPU
		{1F62A5C9-864D-F7C4-621F-DE415E3DC451}.Release|Any CPU.ActiveCfg = Release|Any CPU
		{1F62A5C9-864D-F7C4-621F-DE415E3DC451}.Release|Any CPU.Build.0 = Release|Any CPU
		{DE58BCCB-8A90-6720-4256-6E9438C168AE}.Debug|Any CPU.ActiveCfg = Debug|Any CPU
		{DE58BCCB-8A90-6720-4256-6E9438C168AE}.Debug|Any CPU.Build.0 = Debug|Any CPU
		{DE58BCCB-8A90-6720-4256-6E9438C168AE}.Release|Any CPU.ActiveCfg = Release|Any CPU
		{DE58BCCB-8A90-6720-4256-6E9438C168AE}.Release|Any CPU.Build.0 = Release|Any CPU
		{7CB89A76-CDD4-45B0-7483-B4CD80DED6C5}.Debug|Any CPU.ActiveCfg = Debug|Any CPU
		{7CB89A76-CDD4-45B0-7483-B4CD80DED6C5}.Debug|Any CPU.Build.0 = Debug|Any CPU
		{7CB89A76-CDD4-45B0-7483-B4CD80DED6C5}.Release|Any CPU.ActiveCfg = Release|Any CPU
		{7CB89A76-CDD4-45B0-7483-B4CD80DED6C5}.Release|Any CPU.Build.0 = Release|Any CPU
		{100E0CD4-EDBA-4A34-C148-E5C3336A29D5}.Debug|Any CPU.ActiveCfg = Debug|Any CPU
		{100E0CD4-EDBA-4A34-C148-E5C3336A29D5}.Debug|Any CPU.Build.0 = Debug|Any CPU
		{100E0CD4-EDBA-4A34-C148-E5C3336A29D5}.Release|Any CPU.ActiveCfg = Release|Any CPU
		{100E0CD4-EDBA-4A34-C148-E5C3336A29D5}.Release|Any CPU.Build.0 = Release|Any CPU
		{4B28B725-58DC-AE2B-5402-09DA46EBE4AF}.Debug|Any CPU.ActiveCfg = Debug|Any CPU
		{4B28B725-58DC-AE2B-5402-09DA46EBE4AF}.Debug|Any CPU.Build.0 = Debug|Any CPU
		{4B28B725-58DC-AE2B-5402-09DA46EBE4AF}.Release|Any CPU.ActiveCfg = Release|Any CPU
		{4B28B725-58DC-AE2B-5402-09DA46EBE4AF}.Release|Any CPU.Build.0 = Release|Any CPU
		{6644ED1E-829A-F7F8-D5F6-8A87D09052C6}.Debug|Any CPU.ActiveCfg = Debug|Any CPU
		{6644ED1E-829A-F7F8-D5F6-8A87D09052C6}.Debug|Any CPU.Build.0 = Debug|Any CPU
		{6644ED1E-829A-F7F8-D5F6-8A87D09052C6}.Release|Any CPU.ActiveCfg = Release|Any CPU
		{6644ED1E-829A-F7F8-D5F6-8A87D09052C6}.Release|Any CPU.Build.0 = Release|Any CPU
	EndGlobalSection
	GlobalSection(SolutionProperties) = preSolution
		HideSolutionNode = FALSE
	EndGlobalSection
EndGlobal
